{
  "name": "qaa-loanapplication",
  "version": "1.0.0",
  "lockfileVersion": 1,
  "requires": true,
  "dependencies": {
    "cypress-xpath": {
      "version": "2.0.1",
      "resolved": "https://registry.npmjs.org/cypress-xpath/-/cypress-xpath-2.0.1.tgz",
      "integrity": "sha512-qMagjvinBppNJdMAkucWESP9aP4rDTs7c96m0vwMuZTVx3NqP2E3z/hkoRf8Ea9soL8yTvUuuyF1cg/Sb1Yhbg=="
    }
  }
}
